
Microsoft Visual Studio Solution File, Format Version 12.00
# Visual Studio 15
VisualStudioVersion = 15.0.26228.4
MinimumVisualStudioVersion = 10.0.40219.1
Project("{9A19103F-16F7-4668-BE54-9A1E7A4F7556}") = "DeDuper", "DeDuper.csproj", "{674B0598-5FC0-4A00-9D31-CFEF632C1F0C}"
EndProject
Global
	GlobalSection(SolutionConfigurationPlatforms) = preSolution
		Debug|Any CPU = Debug|Any CPU
		Release|Any CPU = Release|Any CPU
	EndGlobalSection
	GlobalSection(ProjectConfigurationPlatforms) = postSolution
		{674B0598-5FC0-4A00-9D31-CFEF632C1F0C}.Debug|Any CPU.ActiveCfg = Debug|Any CPU
		{674B0598-5FC0-4A00-9D31-CFEF632C1F0C}.Debug|Any CPU.Build.0 = Debug|Any CPU
		{674B0598-5FC0-4A00-9D31-CFEF632C1F0C}.Release|Any CPU.ActiveCfg = Release|Any CPU
		{674B0598-5FC0-4A00-9D31-CFEF632C1F0C}.Release|Any CPU.Build.0 = Release|Any CPU
	EndGlobalSection
	GlobalSection(SolutionProperties) = preSolution
		HideSolutionNode = FALSE
	EndGlobalSection
EndGlobal
